
Microsoft Visual Studio Solution File, Format Version 12.00
# Visual Studio Version 17
VisualStudioVersion = 17.2.32526.322
MinimumVisualStudioVersion = 10.0.40219.1
Project("{9A19103F-16F7-4668-BE54-9A1E7A4F7556}") = "OnlineCash", "OnlineCash\OnlineCash.csproj", "{4B2AC51F-9E2E-4C48-9533-7FD2AB7232D6}"
	ProjectSection(ProjectDependencies) = postProject
		{89DD6612-9EF2-46AA-9AE3-E9FC0FAEA519} = {89DD6612-9EF2-46AA-9AE3-E9FC0FAEA519}
	EndProjectSection
EndProject
Project("{9A19103F-16F7-4668-BE54-9A1E7A4F7556}") = "RMK", "RMK\RMK.csproj", "{39499C82-D0EA-45C8-8CEA-25E7D0004D02}"
EndProject
Project("{9A19103F-16F7-4668-BE54-9A1E7A4F7556}") = "DataBase", "DataBase\DataBase.csproj", "{89DD6612-9EF2-46AA-9AE3-E9FC0FAEA519}"
EndProject
Project("{9A19103F-16F7-4668-BE54-9A1E7A4F7556}") = "NotificationServer", "NotificationServer\NotificationServer.csproj", "{8235AF25-40C5-4F5B-BC25-1126695ED507}"
EndProject
Project("{9A19103F-16F7-4668-BE54-9A1E7A4F7556}") = "RabbitMqMessages", "RabbitMqMessages\RabbitMqMessages.csproj", "{F15A9B0F-82D9-4855-ACC8-631D2252EBA0}"
EndProject
Project("{9A19103F-16F7-4668-BE54-9A1E7A4F7556}") = "BuyersServiceApp", "BuyersServiceApp\BuyersServiceApp.csproj", "{321EF05C-94C6-4F8C-99F9-1CAEA31FCB60}"
EndProject
Project("{9A19103F-16F7-4668-BE54-9A1E7A4F7556}") = "DatabaseBuyer", "DatabaseBuyer\DatabaseBuyer.csproj", "{EAB0A251-13A4-49CE-9C3E-2D2440C6A9D2}"
EndProject
Project("{9A19103F-16F7-4668-BE54-9A1E7A4F7556}") = "ControlDuplicationDocs", "ControlDuplicationDocs\ControlDuplicationDocs.csproj", "{D6C8E640-33A2-40DD-BEE8-4FDEFF00F5AA}"
EndProject
Project("{FAE04EC0-301F-11D3-BF4B-00C04F79EFBC}") = "OnlineCashRmk", "OnlineCashRmk\OnlineCashRmk.csproj", "{04DA364B-4014-4E0A-997A-60BE0D44E91D}"
EndProject
Global
	GlobalSection(SolutionConfigurationPlatforms) = preSolution
		Debug|Any CPU = Debug|Any CPU
		Release|Any CPU = Release|Any CPU
	EndGlobalSection
	GlobalSection(ProjectConfigurationPlatforms) = postSolution
		{4B2AC51F-9E2E-4C48-9533-7FD2AB7232D6}.Debug|Any CPU.ActiveCfg = Debug|Any CPU
		{4B2AC51F-9E2E-4C48-9533-7FD2AB7232D6}.Debug|Any CPU.Build.0 = Debug|Any CPU
		{4B2AC51F-9E2E-4C48-9533-7FD2AB7232D6}.Release|Any CPU.ActiveCfg = Release|Any CPU
		{4B2AC51F-9E2E-4C48-9533-7FD2AB7232D6}.Release|Any CPU.Build.0 = Release|Any CPU
		{39499C82-D0EA-45C8-8CEA-25E7D0004D02}.Debug|Any CPU.ActiveCfg = Debug|Any CPU
		{39499C82-D0EA-45C8-8CEA-25E7D0004D02}.Debug|Any CPU.Build.0 = Debug|Any CPU
		{39499C82-D0EA-45C8-8CEA-25E7D0004D02}.Release|Any CPU.ActiveCfg = Release|Any CPU
		{39499C82-D0EA-45C8-8CEA-25E7D0004D02}.Release|Any CPU.Build.0 = Release|Any CPU
		{89DD6612-9EF2-46AA-9AE3-E9FC0FAEA519}.Debug|Any CPU.ActiveCfg = Debug|Any CPU
		{89DD6612-9EF2-46AA-9AE3-E9FC0FAEA519}.Debug|Any CPU.Build.0 = Debug|Any CPU
		{89DD6612-9EF2-46AA-9AE3-E9FC0FAEA519}.Release|Any CPU.ActiveCfg = Release|Any CPU
		{89DD6612-9EF2-46AA-9AE3-E9FC0FAEA519}.Release|Any CPU.Build.0 = Release|Any CPU
		{8235AF25-40C5-4F5B-BC25-1126695ED507}.Debug|Any CPU.ActiveCfg = Debug|Any CPU
		{8235AF25-40C5-4F5B-BC25-1126695ED507}.Debug|Any CPU.Build.0 = Debug|Any CPU
		{8235AF25-40C5-4F5B-BC25-1126695ED507}.Release|Any CPU.ActiveCfg = Release|Any CPU
		{8235AF25-40C5-4F5B-BC25-1126695ED507}.Release|Any CPU.Build.0 = Release|Any CPU
		{F15A9B0F-82D9-4855-ACC8-631D2252EBA0}.Debug|Any CPU.ActiveCfg = Debug|Any CPU
		{F15A9B0F-82D9-4855-ACC8-631D2252EBA0}.Debug|Any CPU.Build.0 = Debug|Any CPU
		{F15A9B0F-82D9-4855-ACC8-631D2252EBA0}.Release|Any CPU.ActiveCfg = Release|Any CPU
		{F15A9B0F-82D9-4855-ACC8-631D2252EBA0}.Release|Any CPU.Build.0 = Release|Any CPU
		{321EF05C-94C6-4F8C-99F9-1CAEA31FCB60}.Debug|Any CPU.ActiveCfg = Debug|Any CPU
		{321EF05C-94C6-4F8C-99F9-1CAEA31FCB60}.Debug|Any CPU.Build.0 = Debug|Any CPU
		{321EF05C-94C6-4F8C-99F9-1CAEA31FCB60}.Release|Any CPU.ActiveCfg = Release|Any CPU
		{321EF05C-94C6-4F8C-99F9-1CAEA31FCB60}.Release|Any CPU.Build.0 = Release|Any CPU
		{EAB0A251-13A4-49CE-9C3E-2D2440C6A9D2}.Debug|Any CPU.ActiveCfg = Debug|Any CPU
		{EAB0A251-13A4-49CE-9C3E-2D2440C6A9D2}.Debug|Any CPU.Build.0 = Debug|Any CPU
		{EAB0A251-13A4-49CE-9C3E-2D2440C6A9D2}.Release|Any CPU.ActiveCfg = Release|Any CPU
		{EAB0A251-13A4-49CE-9C3E-2D2440C6A9D2}.Release|Any CPU.Build.0 = Release|Any CPU
		{D6C8E640-33A2-40DD-BEE8-4FDEFF00F5AA}.Debug|Any CPU.ActiveCfg = Debug|Any CPU
		{D6C8E640-33A2-40DD-BEE8-4FDEFF00F5AA}.Debug|Any CPU.Build.0 = Debug|Any CPU
		{D6C8E640-33A2-40DD-BEE8-4FDEFF00F5AA}.Release|Any CPU.ActiveCfg = Release|Any CPU
		{D6C8E640-33A2-40DD-BEE8-4FDEFF00F5AA}.Release|Any CPU.Build.0 = Release|Any CPU
		{04DA364B-4014-4E0A-997A-60BE0D44E91D}.Debug|Any CPU.ActiveCfg = Debug|Any CPU
		{04DA364B-4014-4E0A-997A-60BE0D44E91D}.Debug|Any CPU.Build.0 = Debug|Any CPU
		{04DA364B-4014-4E0A-997A-60BE0D44E91D}.Release|Any CPU.ActiveCfg = Release|Any CPU
		{04DA364B-4014-4E0A-997A-60BE0D44E91D}.Release|Any CPU.Build.0 = Release|Any CPU
	EndGlobalSection
	GlobalSection(SolutionProperties) = preSolution
		HideSolutionNode = FALSE
	EndGlobalSection
	GlobalSection(ExtensibilityGlobals) = postSolution
		SolutionGuid = {09EF3688-835D-41B9-B000-438D0EC0854B}
	EndGlobalSection
EndGlobal
